
Microsoft Visual Studio Solution File, Format Version 12.00
# Visual Studio Version 16
VisualStudioVersion = 16.0.29609.76
MinimumVisualStudioVersion = 10.0.40219.1
Project("{9A19103F-16F7-4668-BE54-9A1E7A4F7556}") = "ReMap", "src\ReMapper\ReMap.csproj", "{AA84E7AB-F30B-4A05-8389-BA996CA1C87D}"
EndProject
Project("{FAE04EC0-301F-11D3-BF4B-00C04F79EFBC}") = "ConsoleApp1", "examples\ConsoleApp1\ConsoleApp1.csproj", "{9523A15E-F8AF-4712-8270-CF0C188C7A21}"
EndProject
Project("{2150E333-8FDC-42A3-9474-1A3956D46DE8}") = "examples", "examples", "{0A2816F4-4287-452F-B6CC-D151741BEEAA}"
EndProject
Global
	GlobalSection(SolutionConfigurationPlatforms) = preSolution
		Debug|Any CPU = Debug|Any CPU
		Release|Any CPU = Release|Any CPU
	EndGlobalSection
	GlobalSection(ProjectConfigurationPlatforms) = postSolution
		{AA84E7AB-F30B-4A05-8389-BA996CA1C87D}.Debug|Any CPU.ActiveCfg = Debug|Any CPU
		{AA84E7AB-F30B-4A05-8389-BA996CA1C87D}.Debug|Any CPU.Build.0 = Debug|Any CPU
		{AA84E7AB-F30B-4A05-8389-BA996CA1C87D}.Release|Any CPU.ActiveCfg = Release|Any CPU
		{AA84E7AB-F30B-4A05-8389-BA996CA1C87D}.Release|Any CPU.Build.0 = Release|Any CPU
		{9523A15E-F8AF-4712-8270-CF0C188C7A21}.Debug|Any CPU.ActiveCfg = Debug|Any CPU
		{9523A15E-F8AF-4712-8270-CF0C188C7A21}.Debug|Any CPU.Build.0 = Debug|Any CPU
		{9523A15E-F8AF-4712-8270-CF0C188C7A21}.Release|Any CPU.ActiveCfg = Release|Any CPU
		{9523A15E-F8AF-4712-8270-CF0C188C7A21}.Release|Any CPU.Build.0 = Release|Any CPU
	EndGlobalSection
	GlobalSection(SolutionProperties) = preSolution
		HideSolutionNode = FALSE
	EndGlobalSection
	GlobalSection(NestedProjects) = preSolution
		{9523A15E-F8AF-4712-8270-CF0C188C7A21} = {0A2816F4-4287-452F-B6CC-D151741BEEAA}
	EndGlobalSection
	GlobalSection(ExtensibilityGlobals) = postSolution
		SolutionGuid = {95C4019B-1B6F-4328-9345-E0784DA626B0}
	EndGlobalSection
EndGlobal
